
Microsoft Visual Studio Solution File, Format Version 12.00
# Visual Studio Version 17
VisualStudioVersion = 17.0.31903.59
MinimumVisualStudioVersion = 10.0.40219.1
Project("{FAE04EC0-301F-11D3-BF4B-00C04F79EFBC}") = "Additional Features Assignment", "Additional Features Assignment.csproj", "{39AA01B7-8156-480B-97DF-ACB09D6D5A47}"
EndProject
Global
	GlobalSection(SolutionConfigurationPlatforms) = preSolution
		Debug|Any CPU = Debug|Any CPU
		Release|Any CPU = Release|Any CPU
	EndGlobalSection
	GlobalSection(ProjectConfigurationPlatforms) = postSolution
		{39AA01B7-8156-480B-97DF-ACB09D6D5A47}.Debug|Any CPU.ActiveCfg = Debug|Any CPU
		{39AA01B7-8156-480B-97DF-ACB09D6D5A47}.Debug|Any CPU.Build.0 = Debug|Any CPU
		{39AA01B7-8156-480B-97DF-ACB09D6D5A47}.Release|Any CPU.ActiveCfg = Release|Any CPU
		{39AA01B7-8156-480B-97DF-ACB09D6D5A47}.Release|Any CPU.Build.0 = Release|Any CPU
	EndGlobalSection
	GlobalSection(SolutionProperties) = preSolution
		HideSolutionNode = FALSE
	EndGlobalSection
	GlobalSection(ExtensibilityGlobals) = postSolution
		SolutionGuid = {64E30632-E284-485E-B3DD-28EA7B4F3055}
	EndGlobalSection
EndGlobal
