
Microsoft Visual Studio Solution File, Format Version 12.00
# Visual Studio Version 17
VisualStudioVersion = 17.0.31903.59
MinimumVisualStudioVersion = 10.0.40219.1
Project("{FAE04EC0-301F-11D3-BF4B-00C04F79EFBC}") = "Exception Assignment", "Exception Assignment\Exception Assignment.csproj", "{B703F212-9E04-40FD-A896-4452E2EC5CF5}"
EndProject
Global
	GlobalSection(SolutionConfigurationPlatforms) = preSolution
		Debug|Any CPU = Debug|Any CPU
		Release|Any CPU = Release|Any CPU
	EndGlobalSection
	GlobalSection(ProjectConfigurationPlatforms) = postSolution
		{B703F212-9E04-40FD-A896-4452E2EC5CF5}.Debug|Any CPU.ActiveCfg = Debug|Any CPU
		{B703F212-9E04-40FD-A896-4452E2EC5CF5}.Debug|Any CPU.Build.0 = Debug|Any CPU
		{B703F212-9E04-40FD-A896-4452E2EC5CF5}.Release|Any CPU.ActiveCfg = Release|Any CPU
		{B703F212-9E04-40FD-A896-4452E2EC5CF5}.Release|Any CPU.Build.0 = Release|Any CPU
	EndGlobalSection
	GlobalSection(SolutionProperties) = preSolution
		HideSolutionNode = FALSE
	EndGlobalSection
	GlobalSection(ExtensibilityGlobals) = postSolution
		SolutionGuid = {1E4626E7-FC13-4788-9C0A-5B6F89988F82}
	EndGlobalSection
EndGlobal
