
Microsoft Visual Studio Solution File, Format Version 12.00
# Visual Studio Version 17
VisualStudioVersion = 17.0.31903.59
MinimumVisualStudioVersion = 10.0.40219.1
Project("{FAE04EC0-301F-11D3-BF4B-00C04F79EFBC}") = "Static_Math_up", "Static_Math_up\Static_Math_up.csproj", "{620BECC3-6004-4B5C-B511-74FD399568B8}"
EndProject
Global
	GlobalSection(SolutionConfigurationPlatforms) = preSolution
		Debug|Any CPU = Debug|Any CPU
		Release|Any CPU = Release|Any CPU
	EndGlobalSection
	GlobalSection(ProjectConfigurationPlatforms) = postSolution
		{620BECC3-6004-4B5C-B511-74FD399568B8}.Debug|Any CPU.ActiveCfg = Debug|Any CPU
		{620BECC3-6004-4B5C-B511-74FD399568B8}.Debug|Any CPU.Build.0 = Debug|Any CPU
		{620BECC3-6004-4B5C-B511-74FD399568B8}.Release|Any CPU.ActiveCfg = Release|Any CPU
		{620BECC3-6004-4B5C-B511-74FD399568B8}.Release|Any CPU.Build.0 = Release|Any CPU
	EndGlobalSection
	GlobalSection(SolutionProperties) = preSolution
		HideSolutionNode = FALSE
	EndGlobalSection
	GlobalSection(ExtensibilityGlobals) = postSolution
		SolutionGuid = {98736C45-D20B-4D73-9E28-7A7365A19626}
	EndGlobalSection
EndGlobal
