
Microsoft Visual Studio Solution File, Format Version 12.00
# Visual Studio Version 17
VisualStudioVersion = 17.0.31903.59
MinimumVisualStudioVersion = 10.0.40219.1
Project("{FAE04EC0-301F-11D3-BF4B-00C04F79EFBC}") = "Income Comparison Assignment Submission", "Income Comparison Assignment Submission\Income Comparison Assignment Submission.csproj", "{1D8143F6-2669-4232-8058-02294BCC885F}"
EndProject
Global
	GlobalSection(SolutionConfigurationPlatforms) = preSolution
		Debug|Any CPU = Debug|Any CPU
		Release|Any CPU = Release|Any CPU
	EndGlobalSection
	GlobalSection(ProjectConfigurationPlatforms) = postSolution
		{1D8143F6-2669-4232-8058-02294BCC885F}.Debug|Any CPU.ActiveCfg = Debug|Any CPU
		{1D8143F6-2669-4232-8058-02294BCC885F}.Debug|Any CPU.Build.0 = Debug|Any CPU
		{1D8143F6-2669-4232-8058-02294BCC885F}.Release|Any CPU.ActiveCfg = Release|Any CPU
		{1D8143F6-2669-4232-8058-02294BCC885F}.Release|Any CPU.Build.0 = Release|Any CPU
	EndGlobalSection
	GlobalSection(SolutionProperties) = preSolution
		HideSolutionNode = FALSE
	EndGlobalSection
	GlobalSection(ExtensibilityGlobals) = postSolution
		SolutionGuid = {4CA8E649-424B-43B7-BA31-938370205099}
	EndGlobalSection
EndGlobal
